
Microsoft Visual Studio Solution File, Format Version 12.00
# Visual Studio Version 17
VisualStudioVersion = 17.7.34031.279
MinimumVisualStudioVersion = 10.0.40219.1
Project("{FAE04EC0-301F-11D3-BF4B-00C04F79EFBC}") = "P10_714220035", "P10_714220035\P10_714220035.csproj", "{F24CEEC9-4F54-40F1-91B6-0A2137326480}"
EndProject
Global
	GlobalSection(SolutionConfigurationPlatforms) = preSolution
		Debug|Any CPU = Debug|Any CPU
		Release|Any CPU = Release|Any CPU
	EndGlobalSection
	GlobalSection(ProjectConfigurationPlatforms) = postSolution
		{F24CEEC9-4F54-40F1-91B6-0A2137326480}.Debug|Any CPU.ActiveCfg = Debug|Any CPU
		{F24CEEC9-4F54-40F1-91B6-0A2137326480}.Debug|Any CPU.Build.0 = Debug|Any CPU
		{F24CEEC9-4F54-40F1-91B6-0A2137326480}.Release|Any CPU.ActiveCfg = Release|Any CPU
		{F24CEEC9-4F54-40F1-91B6-0A2137326480}.Release|Any CPU.Build.0 = Release|Any CPU
	EndGlobalSection
	GlobalSection(SolutionProperties) = preSolution
		HideSolutionNode = FALSE
	EndGlobalSection
	GlobalSection(ExtensibilityGlobals) = postSolution
		SolutionGuid = {A8C65979-F9C4-460D-8D77-1E24B3356EA3}
	EndGlobalSection
EndGlobal
