
Microsoft Visual Studio Solution File, Format Version 12.00
# Visual Studio Version 17
VisualStudioVersion = 17.7.34031.279
MinimumVisualStudioVersion = 10.0.40219.1
Project("{FAE04EC0-301F-11D3-BF4B-00C04F79EFBC}") = "P5_1_714220035", "P5_1_714220035\P5_1_714220035.csproj", "{5ACE04B9-940E-4DB9-9A59-C5C80376A78F}"
EndProject
Global
	GlobalSection(SolutionConfigurationPlatforms) = preSolution
		Debug|Any CPU = Debug|Any CPU
		Release|Any CPU = Release|Any CPU
	EndGlobalSection
	GlobalSection(ProjectConfigurationPlatforms) = postSolution
		{5ACE04B9-940E-4DB9-9A59-C5C80376A78F}.Debug|Any CPU.ActiveCfg = Debug|Any CPU
		{5ACE04B9-940E-4DB9-9A59-C5C80376A78F}.Debug|Any CPU.Build.0 = Debug|Any CPU
		{5ACE04B9-940E-4DB9-9A59-C5C80376A78F}.Release|Any CPU.ActiveCfg = Release|Any CPU
		{5ACE04B9-940E-4DB9-9A59-C5C80376A78F}.Release|Any CPU.Build.0 = Release|Any CPU
	EndGlobalSection
	GlobalSection(SolutionProperties) = preSolution
		HideSolutionNode = FALSE
	EndGlobalSection
	GlobalSection(ExtensibilityGlobals) = postSolution
		SolutionGuid = {8AC9FE1A-AE65-4B23-BBFE-D975A6BA6E63}
	EndGlobalSection
EndGlobal
