
Microsoft Visual Studio Solution File, Format Version 12.00
# Visual Studio Version 17
VisualStudioVersion = 17.7.34031.279
MinimumVisualStudioVersion = 10.0.40219.1
Project("{FAE04EC0-301F-11D3-BF4B-00C04F79EFBC}") = "P6_4_714220035", "P6_4_714220035\P6_4_714220035.csproj", "{D6254E69-0CC9-4F15-95B3-1D175F05A3D4}"
EndProject
Global
	GlobalSection(SolutionConfigurationPlatforms) = preSolution
		Debug|Any CPU = Debug|Any CPU
		Release|Any CPU = Release|Any CPU
	EndGlobalSection
	GlobalSection(ProjectConfigurationPlatforms) = postSolution
		{D6254E69-0CC9-4F15-95B3-1D175F05A3D4}.Debug|Any CPU.ActiveCfg = Debug|Any CPU
		{D6254E69-0CC9-4F15-95B3-1D175F05A3D4}.Debug|Any CPU.Build.0 = Debug|Any CPU
		{D6254E69-0CC9-4F15-95B3-1D175F05A3D4}.Release|Any CPU.ActiveCfg = Release|Any CPU
		{D6254E69-0CC9-4F15-95B3-1D175F05A3D4}.Release|Any CPU.Build.0 = Release|Any CPU
	EndGlobalSection
	GlobalSection(SolutionProperties) = preSolution
		HideSolutionNode = FALSE
	EndGlobalSection
	GlobalSection(ExtensibilityGlobals) = postSolution
		SolutionGuid = {8DAA0AD9-4C3A-4328-834D-DD2B75C05980}
	EndGlobalSection
EndGlobal
