
Microsoft Visual Studio Solution File, Format Version 12.00
# Visual Studio Version 17
VisualStudioVersion = 17.7.34031.279
MinimumVisualStudioVersion = 10.0.40219.1
Project("{FAE04EC0-301F-11D3-BF4B-00C04F79EFBC}") = "p4_2_714220035", "p4_2_714220035\p4_2_714220035.csproj", "{26F1A4AF-569D-4C7D-93B6-7F86B81F214D}"
EndProject
Global
	GlobalSection(SolutionConfigurationPlatforms) = preSolution
		Debug|Any CPU = Debug|Any CPU
		Release|Any CPU = Release|Any CPU
	EndGlobalSection
	GlobalSection(ProjectConfigurationPlatforms) = postSolution
		{26F1A4AF-569D-4C7D-93B6-7F86B81F214D}.Debug|Any CPU.ActiveCfg = Debug|Any CPU
		{26F1A4AF-569D-4C7D-93B6-7F86B81F214D}.Debug|Any CPU.Build.0 = Debug|Any CPU
		{26F1A4AF-569D-4C7D-93B6-7F86B81F214D}.Release|Any CPU.ActiveCfg = Release|Any CPU
		{26F1A4AF-569D-4C7D-93B6-7F86B81F214D}.Release|Any CPU.Build.0 = Release|Any CPU
	EndGlobalSection
	GlobalSection(SolutionProperties) = preSolution
		HideSolutionNode = FALSE
	EndGlobalSection
	GlobalSection(ExtensibilityGlobals) = postSolution
		SolutionGuid = {A20F24E2-43C5-4484-9EFB-410E00F4D78B}
	EndGlobalSection
EndGlobal
